
Microsoft Visual Studio Solution File, Format Version 12.00
# Visual Studio Version 17
VisualStudioVersion = 17.3.32922.545
MinimumVisualStudioVersion = 10.0.40219.1
Project("{FAE04EC0-301F-11D3-BF4B-00C04F79EFBC}") = "Текстовый редактор", "Текстовый редактор\Текстовый редактор.csproj", "{2AE8DB62-E09A-47BB-84A7-9785EDBC3C36}"
EndProject
Global
	GlobalSection(SolutionConfigurationPlatforms) = preSolution
		Debug|Any CPU = Debug|Any CPU
		Release|Any CPU = Release|Any CPU
	EndGlobalSection
	GlobalSection(ProjectConfigurationPlatforms) = postSolution
		{2AE8DB62-E09A-47BB-84A7-9785EDBC3C36}.Debug|Any CPU.ActiveCfg = Debug|Any CPU
		{2AE8DB62-E09A-47BB-84A7-9785EDBC3C36}.Debug|Any CPU.Build.0 = Debug|Any CPU
		{2AE8DB62-E09A-47BB-84A7-9785EDBC3C36}.Release|Any CPU.ActiveCfg = Release|Any CPU
		{2AE8DB62-E09A-47BB-84A7-9785EDBC3C36}.Release|Any CPU.Build.0 = Release|Any CPU
	EndGlobalSection
	GlobalSection(SolutionProperties) = preSolution
		HideSolutionNode = FALSE
	EndGlobalSection
	GlobalSection(ExtensibilityGlobals) = postSolution
		SolutionGuid = {2F06A668-5565-46F1-90B8-077FCF8CEC82}
	EndGlobalSection
EndGlobal
